
Microsoft Visual Studio Solution File, Format Version 12.00
# Visual Studio Version 16
VisualStudioVersion = 16.0.29230.61
MinimumVisualStudioVersion = 10.0.40219.1
Project("{FAE04EC0-301F-11D3-BF4B-00C04F79EFBC}") = "ContactList", "ContactList\ContactList.csproj", "{478FBD82-1E44-4D76-AC93-2B741AA3EB01}"
EndProject
Global
	GlobalSection(SolutionConfigurationPlatforms) = preSolution
		Debug|Any CPU = Debug|Any CPU
		Release|Any CPU = Release|Any CPU
	EndGlobalSection
	GlobalSection(ProjectConfigurationPlatforms) = postSolution
		{478FBD82-1E44-4D76-AC93-2B741AA3EB01}.Debug|Any CPU.ActiveCfg = Debug|Any CPU
		{478FBD82-1E44-4D76-AC93-2B741AA3EB01}.Debug|Any CPU.Build.0 = Debug|Any CPU
		{478FBD82-1E44-4D76-AC93-2B741AA3EB01}.Release|Any CPU.ActiveCfg = Release|Any CPU
		{478FBD82-1E44-4D76-AC93-2B741AA3EB01}.Release|Any CPU.Build.0 = Release|Any CPU
	EndGlobalSection
	GlobalSection(SolutionProperties) = preSolution
		HideSolutionNode = FALSE
	EndGlobalSection
	GlobalSection(ExtensibilityGlobals) = postSolution
		SolutionGuid = {3D554A86-3780-43E6-BCA7-EC16047AAC75}
	EndGlobalSection
EndGlobal
